
Microsoft Visual Studio Solution File, Format Version 12.00
# Visual Studio 15
VisualStudioVersion = 15.0.28010.2046
MinimumVisualStudioVersion = 10.0.40219.1
Project("{FAE04EC0-301F-11D3-BF4B-00C04F79EFBC}") = "Velasquez", "Velasquez\Velasquez.csproj", "{058F412B-22DB-45A1-B278-499B8FFD85BD}"
EndProject
Global
	GlobalSection(SolutionConfigurationPlatforms) = preSolution
		Debug|Any CPU = Debug|Any CPU
		Release|Any CPU = Release|Any CPU
	EndGlobalSection
	GlobalSection(ProjectConfigurationPlatforms) = postSolution
		{058F412B-22DB-45A1-B278-499B8FFD85BD}.Debug|Any CPU.ActiveCfg = Debug|Any CPU
		{058F412B-22DB-45A1-B278-499B8FFD85BD}.Debug|Any CPU.Build.0 = Debug|Any CPU
		{058F412B-22DB-45A1-B278-499B8FFD85BD}.Release|Any CPU.ActiveCfg = Release|Any CPU
		{058F412B-22DB-45A1-B278-499B8FFD85BD}.Release|Any CPU.Build.0 = Release|Any CPU
	EndGlobalSection
	GlobalSection(SolutionProperties) = preSolution
		HideSolutionNode = FALSE
	EndGlobalSection
	GlobalSection(ExtensibilityGlobals) = postSolution
		SolutionGuid = {180BF61E-69F3-4AA6-8F5E-EECE4BDD4216}
	EndGlobalSection
EndGlobal
